// !$*UTF8*$!
{
	archiveVersion = 1;
	classes = {
	};
	objectVersion = 50;
	objects = {

/* Begin PBXBuildFile section */
		CB822980240ECC1E005E26C9 /* AppDelegate.swift in Sources */ = {isa = PBXBuildFile; fileRef = CB82297F240ECC1E005E26C9 /* AppDelegate.swift */; };
		CB822982240ECC1E005E26C9 /* SceneDelegate.swift in Sources */ = {isa = PBXBuildFile; fileRef = CB822981240ECC1E005E26C9 /* SceneDelegate.swift */; };
		CB822984240ECC1E005E26C9 /* ViewController.swift in Sources */ = {isa = PBXBuildFile; fileRef = CB822983240ECC1E005E26C9 /* ViewController.swift */; };
		CB822987240ECC1E005E26C9 /* Main.storyboard in Resources */ = {isa = PBXBuildFile; fileRef = CB822985240ECC1E005E26C9 /* Main.storyboard */; };
		CB822989240ECC20005E26C9 /* Assets.xcassets in Resources */ = {isa = PBXBuildFile; fileRef = CB822988240ECC20005E26C9 /* Assets.xcassets */; };
		CB82298C240ECC20005E26C9 /* LaunchScreen.storyboard in Resources */ = {isa = PBXBuildFile; fileRef = CB82298A240ECC20005E26C9 /* LaunchScreen.storyboard */; };
		CB822996240ECC4C005E26C9 /* CloudKit.framework in Frameworks */ = {isa = PBXBuildFile; fileRef = CB822995240ECC4C005E26C9 /* CloudKit.framework */; };
		CB822998240ECE93005E26C9 /* Cloud.swift in Sources */ = {isa = PBXBuildFile; fileRef = CB822997240ECE93005E26C9 /* Cloud.swift */; };
/* End PBXBuildFile section */

/* Begin PBXFileReference section */
		CB82297C240ECC1E005E26C9 /* LearningCloudKit.app */ = {isa = PBXFileReference; explicitFileType = wrapper.application; includeInIndex = 0; path = LearningCloudKit.app; sourceTree = BUILT_PRODUCTS_DIR; };
		CB82297F240ECC1E005E26C9 /* AppDelegate.swift */ = {isa = PBXFileReference; lastKnownFileType = sourcecode.swift; path = AppDelegate.swift; sourceTree = "<group>"; };
		CB822981240ECC1E005E26C9 /* SceneDelegate.swift */ = {isa = PBXFileReference; lastKnownFileType = sourcecode.swift; path = SceneDelegate.swift; sourceTree = "<group>"; };
		CB822983240ECC1E005E26C9 /* ViewController.swift */ = {isa = PBXFileReference; lastKnownFileType = sourcecode.swift; path = ViewController.swift; sourceTree = "<group>"; };
		CB822986240ECC1E005E26C9 /* Base */ = {isa = PBXFileReference; lastKnownFileType = file.storyboard; name = Base; path = Base.lproj/Main.storyboard; sourceTree = "<group>"; };
		CB822988240ECC20005E26C9 /* Assets.xcassets */ = {isa = PBXFileReference; lastKnownFileType = folder.assetcatalog; path = Assets.xcassets; sourceTree = "<group>"; };
		CB82298B240ECC20005E26C9 /* Base */ = {isa = PBXFileReference; lastKnownFileType = file.storyboard; name = Base; path = Base.lproj/LaunchScreen.storyboard; sourceTree = "<group>"; };
		CB82298D240ECC20005E26C9 /* Info.plist */ = {isa = PBXFileReference; lastKnownFileType = text.plist.xml; path = Info.plist; sourceTree = "<group>"; };
		CB822993240ECC33005E26C9 /* LearningCloudKit.entitlements */ = {isa = PBXFileReference; lastKnownFileType = text.plist.entitlements; path = LearningCloudKit.entitlements; sourceTree = "<group>"; };
		CB822995240ECC4C005E26C9 /* CloudKit.framework */ = {isa = PBXFileReference; lastKnownFileType = wrapper.framework; name = CloudKit.framework; path = System/Library/Frameworks/CloudKit.framework; sourceTree = SDKROOT; };
		CB822997240ECE93005E26C9 /* Cloud.swift */ = {isa = PBXFileReference; lastKnownFileType = sourcecode.swift; path = Cloud.swift; sourceTree = "<group>"; };
/* End PBXFileReference section */

/* Begin PBXFrameworksBuildPhase section */
		CB822979240ECC1E005E26C9 /* Frameworks */ = {
			isa = PBXFrameworksBuildPhase;
			buildActionMask = 2147483647;
			files = (
				CB822996240ECC4C005E26C9 /* CloudKit.framework in Frameworks */,
			);
			runOnlyForDeploymentPostprocessing = 0;
		};
/* End PBXFrameworksBuildPhase section */

/* Begin PBXGroup section */
		CB822973240ECC1E005E26C9 = {
			isa = PBXGroup;
			children = (
				CB82297E240ECC1E005E26C9 /* LearningCloudKit */,
				CB82297D240ECC1E005E26C9 /* Products */,
				CB822994240ECC4C005E26C9 /* Frameworks */,
			);
			sourceTree = "<group>";
		};
		CB82297D240ECC1E005E26C9 /* Products */ = {
			isa = PBXGroup;
			children = (
				CB82297C240ECC1E005E26C9 /* LearningCloudKit.app */,
			);
			name = Products;
			sourceTree = "<group>";
		};
		CB82297E240ECC1E005E26C9 /* LearningCloudKit */ = {
			isa = PBXGroup;
			children = (
				CB822993240ECC33005E26C9 /* LearningCloudKit.entitlements */,
				CB82297F240ECC1E005E26C9 /* AppDelegate.swift */,
				CB822981240ECC1E005E26C9 /* SceneDelegate.swift */,
				CB822983240ECC1E005E26C9 /* ViewController.swift */,
				CB822997240ECE93005E26C9 /* Cloud.swift */,
				CB822985240ECC1E005E26C9 /* Main.storyboard */,
				CB822988240ECC20005E26C9 /* Assets.xcassets */,
				CB82298A240ECC20005E26C9 /* LaunchScreen.storyboard */,
				CB82298D240ECC20005E26C9 /* Info.plist */,
			);
			path = LearningCloudKit;
			sourceTree = "<group>";
		};
		CB822994240ECC4C005E26C9 /* Frameworks */ = {
			isa = PBXGroup;
			children = (
				CB822995240ECC4C005E26C9 /* CloudKit.framework */,
			);
			name = Frameworks;
			sourceTree = "<group>";
		};
/* End PBXGroup section */

/* Begin PBXNativeTarget section */
		CB82297B240ECC1E005E26C9 /* LearningCloudKit */ = {
			isa = PBXNativeTarget;
			buildConfigurationList = CB822990240ECC20005E26C9 /* Build configuration list for PBXNativeTarget "LearningCloudKit" */;
			buildPhases = (
				CB822978240ECC1E005E26C9 /* Sources */,
				CB822979240ECC1E005E26C9 /* Frameworks */,
				CB82297A240ECC1E005E26C9 /* Resources */,
			);
			buildRules = (
			);
			dependencies = (
			);
			name = LearningCloudKit;
			productName = LearningCloudKit;
			productReference = CB82297C240ECC1E005E26C9 /* LearningCloudKit.app */;
			productType = "com.apple.product-type.application";
		};
/* End PBXNativeTarget section */

/* Begin PBXProject section */
		CB822974240ECC1E005E26C9 /* Project object */ = {
			isa = PBXProject;
			attributes = {
				LastSwiftUpdateCheck = 1130;
				LastUpgradeCheck = 1130;
				ORGANIZATIONNAME = "Zewu Chen";
				TargetAttributes = {
					CB82297B240ECC1E005E26C9 = {
						CreatedOnToolsVersion = 11.3.1;
					};
				};
			};
			buildConfigurationList = CB822977240ECC1E005E26C9 /* Build configuration list for PBXProject "LearningCloudKit" */;
			compatibilityVersion = "Xcode 9.3";
			developmentRegion = en;
			hasScannedForEncodings = 0;
			knownRegions = (
				en,
				Base,
			);
			mainGroup = CB822973240ECC1E005E26C9;
			productRefGroup = CB82297D240ECC1E005E26C9 /* Products */;
			projectDirPath = "";
			projectRoot = "";
			targets = (
				CB82297B240ECC1E005E26C9 /* LearningCloudKit */,
			);
		};
/* End PBXProject section */

/* Begin PBXResourcesBuildPhase section */
		CB82297A240ECC1E005E26C9 /* Resources */ = {
			isa = PBXResourcesBuildPhase;
			buildActionMask = 2147483647;
			files = (
				CB82298C240ECC20005E26C9 /* LaunchScreen.storyboard in Resources */,
				CB822989240ECC20005E26C9 /* Assets.xcassets in Resources */,
				CB822987240ECC1E005E26C9 /* Main.storyboard in Resources */,
			);
			runOnlyForDeploymentPostprocessing = 0;
		};
/* End PBXResourcesBuildPhase section */

/* Begin PBXSourcesBuildPhase section */
		CB822978240ECC1E005E26C9 /* Sources */ = {
			isa = PBXSourcesBuildPhase;
			buildActionMask = 2147483647;
			files = (
				CB822984240ECC1E005E26C9 /* ViewController.swift in Sources */,
				CB822998240ECE93005E26C9 /* Cloud.swift in Sources */,
				CB822980240ECC1E005E26C9 /* AppDelegate.swift in Sources */,
				CB822982240ECC1E005E26C9 /* SceneDelegate.swift in Sources */,
			);
			runOnlyForDeploymentPostprocessing = 0;
		};
/* End PBXSourcesBuildPhase section */

/* Begin PBXVariantGroup section */
		CB822985240ECC1E005E26C9 /* Main.storyboard */ = {
			isa = PBXVariantGroup;
			children = (
				CB822986240ECC1E005E26C9 /* Base */,
			);
			name = Main.storyboard;
			sourceTree = "<group>";
		};
		CB82298A240ECC20005E26C9 /* LaunchScreen.storyboard */ = {
			isa = PBXVariantGroup;
			children = (
				CB82298B240ECC20005E26C9 /* Base */,
			);
			name = LaunchScreen.storyboard;
			sourceTree = "<group>";
		};
/* End PBXVariantGroup section */

/* Begin XCBuildConfiguration section */
		CB82298E240ECC20005E26C9 /* Debug */ = {
			isa = XCBuildConfiguration;
			buildSettings = {
				ALWAYS_SEARCH_USER_PATHS = NO;
				CLANG_ANALYZER_NONNULL = YES;
				CLANG_ANALYZER_NUMBER_OBJECT_CONVERSION = YES_AGGRESSIVE;
				CLANG_CXX_LANGUAGE_STANDARD = "gnu++14";
				CLANG_CXX_LIBRARY = "libc++";
				CLANG_ENABLE_MODULES = YES;
				CLANG_ENABLE_OBJC_ARC = YES;
				CLANG_ENABLE_OBJC_WEAK = YES;
				CLANG_WARN_BLOCK_CAPTURE_AUTORELEASING = YES;
				CLANG_WARN_BOOL_CONVERSION = YES;
				CLANG_WARN_COMMA = YES;
				CLANG_WARN_CONSTANT_CONVERSION = YES;
				CLANG_WARN_DEPRECATED_OBJC_IMPLEMENTATIONS = YES;
				CLANG_WARN_DIRECT_OBJC_ISA_USAGE = YES_ERROR;
				CLANG_WARN_DOCUMENTATION_COMMENTS = YES;
				CLANG_WARN_EMPTY_BODY = YES;
				CLANG_WARN_ENUM_CONVERSION = YES;
				CLANG_WARN_INFINITE_RECURSION = YES;
				CLANG_WARN_INT_CONVERSION = YES;
				CLANG_WARN_NON_LITERAL_NULL_CONVERSION = YES;
				CLANG_WARN_OBJC_IMPLICIT_RETAIN_SELF = YES;
				CLANG_WARN_OBJC_LITERAL_CONVERSION = YES;
				CLANG_WARN_OBJC_ROOT_CLASS = YES_ERROR;
				CLANG_WARN_RANGE_LOOP_ANALYSIS = YES;
				CLANG_WARN_STRICT_PROTOTYPES = YES;
				CLANG_WARN_SUSPICIOUS_MOVE = YES;
				CLANG_WARN_UNGUARDED_AVAILABILITY = YES_AGGRESSIVE;
				CLANG_WARN_UNREACHABLE_CODE = YES;
				CLANG_WARN__DUPLICATE_METHOD_MATCH = YES;
				COPY_PHASE_STRIP = NO;
				DEBUG_INFORMATION_FORMAT = dwarf;
				ENABLE_STRICT_OBJC_MSGSEND = YES;
				ENABLE_TESTABILITY = YES;
				GCC_C_LANGUAGE_STANDARD = gnu11;
				GCC_DYNAMIC_NO_PIC = NO;
				GCC_NO_COMMON_BLOCKS = YES;
				GCC_OPTIMIZATION_LEVEL = 0;
				GCC_PREPROCESSOR_DEFINITIONS = (
					"DEBUG=1",
					"$(inherited)",
				);
				GCC_WARN_64_TO_32_BIT_CONVERSION = YES;
				GCC_WARN_ABOUT_RETURN_TYPE = YES_ERROR;
				GCC_WARN_UNDECLARED_SELECTOR = YES;
				GCC_WARN_UNINITIALIZED_AUTOS = YES_AGGRESSIVE;
				GCC_WARN_UNUSED_FUNCTION = YES;
				GCC_WARN_UNUSED_VARIABLE = YES;
				IPHONEOS_DEPLOYMENT_TARGET = 13.2;
				MTL_ENABLE_DEBUG_INFO = INCLUDE_SOURCE;
				MTL_FAST_MATH = YES;
				ONLY_ACTIVE_ARCH = YES;
				SDKROOT = iphoneos;
				SWIFT_ACTIVE_COMPILATION_CONDITIONS = DEBUG;
				SWIFT_OPTIMIZATION_LEVEL = "-Onone";
			};
			name = Debug;
		};
		CB82298F240ECC20005E26C9 /* Release */ = {
			isa = XCBuildConfiguration;
			buildSettings = {
				ALWAYS_SEARCH_USER_PATHS = NO;
				CLANG_ANALYZER_NONNULL = YES;
				CLANG_ANALYZER_NUMBER_OBJECT_CONVERSION = YES_AGGRESSIVE;
				CLANG_CXX_LANGUAGE_STANDARD = "gnu++14";
				CLANG_CXX_LIBRARY = "libc++";
				CLANG_ENABLE_MODULES = YES;
				CLANG_ENABLE_OBJC_ARC = YES;
				CLANG_ENABLE_OBJC_WEAK = YES;
				CLANG_WARN_BLOCK_CAPTURE_AUTORELEASING = YES;
				CLANG_WARN_BOOL_CONVERSION = YES;
				CLANG_WARN_COMMA = YES;
				CLANG_WARN_CONSTANT_CONVERSION = YES;
				CLANG_WARN_DEPRECATED_OBJC_IMPLEMENTATIONS = YES;
				CLANG_WARN_DIRECT_OBJC_ISA_USAGE = YES_ERROR;
				CLANG_WARN_DOCUMENTATION_COMMENTS = YES;
				CLANG_WARN_EMPTY_BODY = YES;
				CLANG_WARN_ENUM_CONVERSION = YES;
				CLANG_WARN_INFINITE_RECURSION = YES;
				CLANG_WARN_INT_CONVERSION = YES;
				CLANG_WARN_NON_LITERAL_NULL_CONVERSION = YES;
				CLANG_WARN_OBJC_IMPLICIT_RETAIN_SELF = YES;
				CLANG_WARN_OBJC_LITERAL_CONVERSION = YES;
				CLANG_WARN_OBJC_ROOT_CLASS = YES_ERROR;
				CLANG_WARN_RANGE_LOOP_ANALYSIS = YES;
				CLANG_WARN_STRICT_PROTOTYPES = YES;
				CLANG_WARN_SUSPICIOUS_MOVE = YES;
				CLANG_WARN_UNGUARDED_AVAILABILITY = YES_AGGRESSIVE;
				CLANG_WARN_UNREACHABLE_CODE = YES;
				CLANG_WARN__DUPLICATE_METHOD_MATCH = YES;
				COPY_PHASE_STRIP = NO;
				DEBUG_INFORMATION_FORMAT = "dwarf-with-dsym";
				ENABLE_NS_ASSERTIONS = NO;
				ENABLE_STRICT_OBJC_MSGSEND = YES;
				GCC_C_LANGUAGE_STANDARD = gnu11;
				GCC_NO_COMMON_BLOCKS = YES;
				GCC_WARN_64_TO_32_BIT_CONVERSION = YES;
				GCC_WARN_ABOUT_RETURN_TYPE = YES_ERROR;
				GCC_WARN_UNDECLARED_SELECTOR = YES;
				GCC_WARN_UNINITIALIZED_AUTOS = YES_AGGRESSIVE;
				GCC_WARN_UNUSED_FUNCTION = YES;
				GCC_WARN_UNUSED_VARIABLE = YES;
				IPHONEOS_DEPLOYMENT_TARGET = 13.2;
				MTL_ENABLE_DEBUG_INFO = NO;
				MTL_FAST_MATH = YES;
				SDKROOT = iphoneos;
				SWIFT_COMPILATION_MODE = wholemodule;
				SWIFT_OPTIMIZATION_LEVEL = "-O";
				VALIDATE_PRODUCT = YES;
			};
			name = Release;
		};
		CB822991240ECC20005E26C9 /* Debug */ = {
			isa = XCBuildConfiguration;
			buildSettings = {
				ASSETCATALOG_COMPILER_APPICON_NAME = AppIcon;
				CODE_SIGN_ENTITLEMENTS = LearningCloudKit/LearningCloudKit.entitlements;
				CODE_SIGN_STYLE = Manual;
				DEVELOPMENT_TEAM = DB2793VW42;
				INFOPLIST_FILE = LearningCloudKit/Info.plist;
				LD_RUNPATH_SEARCH_PATHS = (
					"$(inherited)",
					"@executable_path/Frameworks",
				);
				PRODUCT_BUNDLE_IDENTIFIER = "";
				PRODUCT_NAME = "$(TARGET_NAME)";
				PROVISIONING_PROFILE_SPECIFIER = "";
				SWIFT_VERSION = 5.0;
				TARGETED_DEVICE_FAMILY = "1,2";
			};
			name = Debug;
		};
		CB822992240ECC20005E26C9 /* Release */ = {
			isa = XCBuildConfiguration;
			buildSettings = {
				ASSETCATALOG_COMPILER_APPICON_NAME = AppIcon;
				CODE_SIGN_ENTITLEMENTS = LearningCloudKit/LearningCloudKit.entitlements;
				CODE_SIGN_STYLE = Manual;
				DEVELOPMENT_TEAM = "";
				INFOPLIST_FILE = LearningCloudKit/Info.plist;
				LD_RUNPATH_SEARCH_PATHS = (
					"$(inherited)",
					"@executable_path/Frameworks",
				);
				PRODUCT_BUNDLE_IDENTIFIER = "";
				PRODUCT_NAME = "$(TARGET_NAME)";
				PROVISIONING_PROFILE_SPECIFIER = "";
				SWIFT_VERSION = 5.0;
				TARGETED_DEVICE_FAMILY = "1,2";
			};
			name = Release;
		};
/* End XCBuildConfiguration section */

/* Begin XCConfigurationList section */
		CB822977240ECC1E005E26C9 /* Build configuration list for PBXProject "LearningCloudKit" */ = {
			isa = XCConfigurationList;
			buildConfigurations = (
				CB82298E240ECC20005E26C9 /* Debug */,
				CB82298F240ECC20005E26C9 /* Release */,
			);
			defaultConfigurationIsVisible = 0;
			defaultConfigurationName = Release;
		};
		CB822990240ECC20005E26C9 /* Build configuration list for PBXNativeTarget "LearningCloudKit" */ = {
			isa = XCConfigurationList;
			buildConfigurations = (
				CB822991240ECC20005E26C9 /* Debug */,
				CB822992240ECC20005E26C9 /* Release */,
			);
			defaultConfigurationIsVisible = 0;
			defaultConfigurationName = Release;
		};
/* End XCConfigurationList section */
	};
	rootObject = CB822974240ECC1E005E26C9 /* Project object */;
}
